set_location_assignment PIN_N2 -to I_CLK_50_MHZ
set_location_assignment PIN_G26 -to I_RESET_N
set_location_assignment PIN_AF10 -to O_HEX0_N[0]
set_location_assignment PIN_AB12 -to O_HEX0_N[1]
set_location_assignment PIN_AC12 -to O_HEX0_N[2]
set_location_assignment PIN_AD11 -to O_HEX0_N[3]
set_location_assignment PIN_AE11 -to O_HEX0_N[4]
set_location_assignment PIN_V14 -to O_HEX0_N[5]
set_location_assignment PIN_V13 -to O_HEX0_N[6]
set_location_assignment PIN_V20 -to O_HEX1_N[0]
set_location_assignment PIN_V21 -to O_HEX1_N[1]
set_location_assignment PIN_W21 -to O_HEX1_N[2]
set_location_assignment PIN_Y22 -to O_HEX1_N[3]
set_location_assignment PIN_AA24 -to O_HEX1_N[4]
set_location_assignment PIN_AA23 -to O_HEX1_N[5]
set_location_assignment PIN_AB24 -to O_HEX1_N[6]
set_location_assignment PIN_AB23 -to O_HEX2_N[0]
set_location_assignment PIN_V22 -to O_HEX2_N[1]
set_location_assignment PIN_AC25 -to O_HEX2_N[2]
set_location_assignment PIN_AC26 -to O_HEX2_N[3]
set_location_assignment PIN_AB26 -to O_HEX2_N[4]
set_location_assignment PIN_AB25 -to O_HEX2_N[5]
set_location_assignment PIN_Y24 -to O_HEX2_N[6]
set_location_assignment PIN_Y23 -to O_HEX3_N[0]
set_location_assignment PIN_AA25 -to O_HEX3_N[1]
set_location_assignment PIN_AA26 -to O_HEX3_N[2]
set_location_assignment PIN_Y26 -to O_HEX3_N[3]
set_location_assignment PIN_Y25 -to O_HEX3_N[4]
set_location_assignment PIN_U22 -to O_HEX3_N[5]
set_location_assignment PIN_W24 -to O_HEX3_N[6]
set_location_assignment PIN_U9 -to O_HEX4_N[0]
set_location_assignment PIN_U1 -to O_HEX4_N[1]
set_location_assignment PIN_U2 -to O_HEX4_N[2]
set_location_assignment PIN_T4 -to O_HEX4_N[3]
set_location_assignment PIN_R7 -to O_HEX4_N[4]
set_location_assignment PIN_R6 -to O_HEX4_N[5]
set_location_assignment PIN_T3 -to O_HEX4_N[6]
set_location_assignment PIN_T2 -to O_HEX5_N[0]
set_location_assignment PIN_P6 -to O_HEX5_N[1]
set_location_assignment PIN_P7 -to O_HEX5_N[2]
set_location_assignment PIN_T9 -to O_HEX5_N[3]
set_location_assignment PIN_R5 -to O_HEX5_N[4]
set_location_assignment PIN_R4 -to O_HEX5_N[5]
set_location_assignment PIN_R3 -to O_HEX5_N[6]

set_location_assignment PIN_AE4 -to O_SRAM_ADDR[0]
set_location_assignment PIN_AF4 -to O_SRAM_ADDR[1]
set_location_assignment PIN_AC5 -to O_SRAM_ADDR[2]
set_location_assignment PIN_AC6 -to O_SRAM_ADDR[3]
set_location_assignment PIN_AD4 -to O_SRAM_ADDR[4]
set_location_assignment PIN_AD5 -to O_SRAM_ADDR[5]
set_location_assignment PIN_AE5 -to O_SRAM_ADDR[6]
set_location_assignment PIN_AF5 -to O_SRAM_ADDR[7]
set_location_assignment PIN_AD6 -to O_SRAM_ADDR[8]
set_location_assignment PIN_AD7 -to O_SRAM_ADDR[9]
set_location_assignment PIN_V10 -to O_SRAM_ADDR[10]
set_location_assignment PIN_V9 -to O_SRAM_ADDR[11]
set_location_assignment PIN_AC7 -to O_SRAM_ADDR[12]
set_location_assignment PIN_W8 -to O_SRAM_ADDR[13]
set_location_assignment PIN_W10 -to O_SRAM_ADDR[14]
set_location_assignment PIN_Y10 -to O_SRAM_ADDR[15]
set_location_assignment PIN_AB8 -to O_SRAM_ADDR[16]
set_location_assignment PIN_AC8 -to O_SRAM_ADDR[17]
set_location_assignment PIN_AD8 -to IO_SRAM_DATA[0]
set_location_assignment PIN_AE6 -to IO_SRAM_DATA[1]
set_location_assignment PIN_AF6 -to IO_SRAM_DATA[2]
set_location_assignment PIN_AA9 -to IO_SRAM_DATA[3]
set_location_assignment PIN_AA10 -to IO_SRAM_DATA[4]
set_location_assignment PIN_AB10 -to IO_SRAM_DATA[5]
set_location_assignment PIN_AA11 -to IO_SRAM_DATA[6]
set_location_assignment PIN_Y11 -to IO_SRAM_DATA[7]
set_location_assignment PIN_AE7 -to IO_SRAM_DATA[8]
set_location_assignment PIN_AF7 -to IO_SRAM_DATA[9]
set_location_assignment PIN_AE8 -to IO_SRAM_DATA[10]
set_location_assignment PIN_AF8 -to IO_SRAM_DATA[11]
set_location_assignment PIN_W11 -to IO_SRAM_DATA[12]
set_location_assignment PIN_W12 -to IO_SRAM_DATA[13]
set_location_assignment PIN_AC9 -to IO_SRAM_DATA[14]
set_location_assignment PIN_AC10 -to IO_SRAM_DATA[15]
set_location_assignment PIN_AE10 -to O_SRAM_WE_N
set_location_assignment PIN_AD10 -to O_SRAM_OE_N
set_location_assignment PIN_AF9 -to O_SRAM_UB_N
set_location_assignment PIN_AE9 -to O_SRAM_LB_N
set_location_assignment PIN_AC11 -to O_SRAM_CE_N
